Microsoft Visual Studio Solution File, Format Version 12.00
# Visual Studio Version 17
VisualStudioVersion = 17.5.2.0
MinimumVisualStudioVersion = 10.0.40219.1
Project("{FAE04EC0-301F-11D3-BF4B-00C04F79EFBC}") = "GeneratingMiddlewareWithCopilot", "GeneratingMiddlewareWithCopilot.csproj", "{4C452E5F-F936-6D73-C2B8-B073F00245D3}"
EndProject
Global
	GlobalSection(SolutionConfigurationPlatforms) = preSolution
		Debug|Any CPU = Debug|Any CPU
		Release|Any CPU = Release|Any CPU
	EndGlobalSection
	GlobalSection(ProjectConfigurationPlatforms) = postSolution
		{4C452E5F-F936-6D73-C2B8-B073F00245D3}.Debug|Any CPU.ActiveCfg = Debug|Any CPU
		{4C452E5F-F936-6D73-C2B8-B073F00245D3}.Debug|Any CPU.Build.0 = Debug|Any CPU
		{4C452E5F-F936-6D73-C2B8-B073F00245D3}.Release|Any CPU.ActiveCfg = Release|Any CPU
		{4C452E5F-F936-6D73-C2B8-B073F00245D3}.Release|Any CPU.Build.0 = Release|Any CPU
	EndGlobalSection
	GlobalSection(SolutionProperties) = preSolution
		HideSolutionNode = FALSE
	EndGlobalSection
	GlobalSection(ExtensibilityGlobals) = postSolution
		SolutionGuid = {EA81DCDF-EEF6-41FC-BC22-6112614E08E5}
	EndGlobalSection
EndGlobal
